
Microsoft Visual Studio Solution File, Format Version 12.00
# Visual Studio Version 17
VisualStudioVersion = 17.9.34607.119
MinimumVisualStudioVersion = 10.0.40219.1
Project("{FAE04EC0-301F-11D3-BF4B-00C04F79EFBC}") = "myaspnetcore", "myaspnetcore\myaspnetcore.csproj", "{515DE321-0FAD-4C1A-B3A9-8E2CA159E38A}"
EndProject
Global
	GlobalSection(SolutionConfigurationPlatforms) = preSolution
		Debug|Any CPU = Debug|Any CPU
		Release|Any CPU = Release|Any CPU
	EndGlobalSection
	GlobalSection(ProjectConfigurationPlatforms) = postSolution
		{515DE321-0FAD-4C1A-B3A9-8E2CA159E38A}.Debug|Any CPU.ActiveCfg = Debug|Any CPU
		{515DE321-0FAD-4C1A-B3A9-8E2CA159E38A}.Debug|Any CPU.Build.0 = Debug|Any CPU
		{515DE321-0FAD-4C1A-B3A9-8E2CA159E38A}.Release|Any CPU.ActiveCfg = Release|Any CPU
		{515DE321-0FAD-4C1A-B3A9-8E2CA159E38A}.Release|Any CPU.Build.0 = Release|Any CPU
	EndGlobalSection
	GlobalSection(SolutionProperties) = preSolution
		HideSolutionNode = FALSE
	EndGlobalSection
	GlobalSection(ExtensibilityGlobals) = postSolution
		SolutionGuid = {65C1C2DB-54D9-4B00-88DB-B9EDE9DB4453}
	EndGlobalSection
EndGlobal
